
Microsoft Visual Studio Solution File, Format Version 12.00
# Visual Studio 14
VisualStudioVersion = 14.0.25123.0
MinimumVisualStudioVersion = 10.0.40219.1
Project("{FAE04EC0-301F-11D3-BF4B-00C04F79EFBC}") = "WSConcessionaria", "WSConcessionaria\WSConcessionaria.csproj", "{CD215E3D-1368-48EA-8C16-870B786AE1AD}"
EndProject
Project("{FAE04EC0-301F-11D3-BF4B-00C04F79EFBC}") = "Modelo", "Modelo\Modelo.csproj", "{641D9791-7162-48E8-8A81-C2E0E223E795}"
EndProject
Project("{FAE04EC0-301F-11D3-BF4B-00C04F79EFBC}") = "Dados", "Dados\Dados.csproj", "{D67C32BC-22F4-41C9-8009-CC2BC7B2DB92}"
EndProject
Project("{FAE04EC0-301F-11D3-BF4B-00C04F79EFBC}") = "Negocio", "Negocio\Negocio.csproj", "{2747BD7D-7DE8-4531-BE39-8D80D12AAF1D}"
	ProjectSection(ProjectDependencies) = postProject
		{CD215E3D-1368-48EA-8C16-870B786AE1AD} = {CD215E3D-1368-48EA-8C16-870B786AE1AD}
	EndProjectSection
EndProject
Project("{FAE04EC0-301F-11D3-BF4B-00C04F79EFBC}") = "TestesConsole", "TestesConsole\TestesConsole.csproj", "{63B3E1D5-2238-4B84-8083-6A2322C93C50}"
EndProject
Global
	GlobalSection(SolutionConfigurationPlatforms) = preSolution
		Debug|Any CPU = Debug|Any CPU
		Release|Any CPU = Release|Any CPU
	EndGlobalSection
	GlobalSection(ProjectConfigurationPlatforms) = postSolution
		{CD215E3D-1368-48EA-8C16-870B786AE1AD}.Debug|Any CPU.ActiveCfg = Debug|Any CPU
		{CD215E3D-1368-48EA-8C16-870B786AE1AD}.Debug|Any CPU.Build.0 = Debug|Any CPU
		{CD215E3D-1368-48EA-8C16-870B786AE1AD}.Release|Any CPU.ActiveCfg = Release|Any CPU
		{CD215E3D-1368-48EA-8C16-870B786AE1AD}.Release|Any CPU.Build.0 = Release|Any CPU
		{641D9791-7162-48E8-8A81-C2E0E223E795}.Debug|Any CPU.ActiveCfg = Debug|Any CPU
		{641D9791-7162-48E8-8A81-C2E0E223E795}.Debug|Any CPU.Build.0 = Debug|Any CPU
		{641D9791-7162-48E8-8A81-C2E0E223E795}.Release|Any CPU.ActiveCfg = Release|Any CPU
		{641D9791-7162-48E8-8A81-C2E0E223E795}.Release|Any CPU.Build.0 = Release|Any CPU
		{D67C32BC-22F4-41C9-8009-CC2BC7B2DB92}.Debug|Any CPU.ActiveCfg = Debug|Any CPU
		{D67C32BC-22F4-41C9-8009-CC2BC7B2DB92}.Debug|Any CPU.Build.0 = Debug|Any CPU
		{D67C32BC-22F4-41C9-8009-CC2BC7B2DB92}.Release|Any CPU.ActiveCfg = Release|Any CPU
		{D67C32BC-22F4-41C9-8009-CC2BC7B2DB92}.Release|Any CPU.Build.0 = Release|Any CPU
		{2747BD7D-7DE8-4531-BE39-8D80D12AAF1D}.Debug|Any CPU.ActiveCfg = Debug|Any CPU
		{2747BD7D-7DE8-4531-BE39-8D80D12AAF1D}.Debug|Any CPU.Build.0 = Debug|Any CPU
		{2747BD7D-7DE8-4531-BE39-8D80D12AAF1D}.Release|Any CPU.ActiveCfg = Release|Any CPU
		{2747BD7D-7DE8-4531-BE39-8D80D12AAF1D}.Release|Any CPU.Build.0 = Release|Any CPU
		{63B3E1D5-2238-4B84-8083-6A2322C93C50}.Debug|Any CPU.ActiveCfg = Debug|Any CPU
		{63B3E1D5-2238-4B84-8083-6A2322C93C50}.Debug|Any CPU.Build.0 = Debug|Any CPU
		{63B3E1D5-2238-4B84-8083-6A2322C93C50}.Release|Any CPU.ActiveCfg = Release|Any CPU
		{63B3E1D5-2238-4B84-8083-6A2322C93C50}.Release|Any CPU.Build.0 = Release|Any CPU
	EndGlobalSection
	GlobalSection(SolutionProperties) = preSolution
		HideSolutionNode = FALSE
	EndGlobalSection
EndGlobal
